
Microsoft Visual Studio Solution File, Format Version 12.00
# Visual Studio Version 16
VisualStudioVersion = 16.0.30204.135
MinimumVisualStudioVersion = 10.0.40219.1
Project("{FAE04EC0-301F-11D3-BF4B-00C04F79EFBC}") = "screensaverproject", "screensaverproject\screensaverproject.csproj", "{5B0349F9-BD14-435B-BB96-FF48E3715EF9}"
EndProject
Global
	GlobalSection(SolutionConfigurationPlatforms) = preSolution
		Debug|Any CPU = Debug|Any CPU
		Release|Any CPU = Release|Any CPU
	EndGlobalSection
	GlobalSection(ProjectConfigurationPlatforms) = postSolution
		{5B0349F9-BD14-435B-BB96-FF48E3715EF9}.Debug|Any CPU.ActiveCfg = Debug|Any CPU
		{5B0349F9-BD14-435B-BB96-FF48E3715EF9}.Debug|Any CPU.Build.0 = Debug|Any CPU
		{5B0349F9-BD14-435B-BB96-FF48E3715EF9}.Release|Any CPU.ActiveCfg = Release|Any CPU
		{5B0349F9-BD14-435B-BB96-FF48E3715EF9}.Release|Any CPU.Build.0 = Release|Any CPU
	EndGlobalSection
	GlobalSection(SolutionProperties) = preSolution
		HideSolutionNode = FALSE
	EndGlobalSection
	GlobalSection(ExtensibilityGlobals) = postSolution
		SolutionGuid = {9ECB8890-DAF7-4E5E-B97D-5F26497A2304}
	EndGlobalSection
EndGlobal
